
Microsoft Visual Studio Solution File, Format Version 12.00
# Visual Studio Version 16
VisualStudioVersion = 16.0.31321.278
MinimumVisualStudioVersion = 10.0.40219.1
Project("{FAE04EC0-301F-11D3-BF4B-00C04F79EFBC}") = "CatYearsDogYears", "CatYearsDogYears\CatYearsDogYears.csproj", "{C577B202-ECE7-475D-A086-177632DAE036}"
EndProject
Global
	GlobalSection(SolutionConfigurationPlatforms) = preSolution
		Debug|Any CPU = Debug|Any CPU
		Release|Any CPU = Release|Any CPU
	EndGlobalSection
	GlobalSection(ProjectConfigurationPlatforms) = postSolution
		{C577B202-ECE7-475D-A086-177632DAE036}.Debug|Any CPU.ActiveCfg = Debug|Any CPU
		{C577B202-ECE7-475D-A086-177632DAE036}.Debug|Any CPU.Build.0 = Debug|Any CPU
		{C577B202-ECE7-475D-A086-177632DAE036}.Release|Any CPU.ActiveCfg = Release|Any CPU
		{C577B202-ECE7-475D-A086-177632DAE036}.Release|Any CPU.Build.0 = Release|Any CPU
	EndGlobalSection
	GlobalSection(SolutionProperties) = preSolution
		HideSolutionNode = FALSE
	EndGlobalSection
	GlobalSection(ExtensibilityGlobals) = postSolution
		SolutionGuid = {4C089072-AA90-46D6-AB4C-7D9B32D45D96}
	EndGlobalSection
EndGlobal
